
Microsoft Visual Studio Solution File, Format Version 12.00
# Visual Studio 2012
Project("{FAE04EC0-301F-11D3-BF4B-00C04F79EFBC}") = "Petrolium", "Petrolium\Petrolium.csproj", "{77ACE34C-B1DD-43CB-9DD5-3F2B9F417BA9}"
EndProject
Project("{FAE04EC0-301F-11D3-BF4B-00C04F79EFBC}") = "UnitTest", "UnitTest\UnitTest.csproj", "{AE7D6FCB-2301-4C76-A2AE-E68385665B6F}"
EndProject
Global
	GlobalSection(SolutionConfigurationPlatforms) = preSolution
		Debug|Any CPU = Debug|Any CPU
		Release|Any CPU = Release|Any CPU
	EndGlobalSection
	GlobalSection(ProjectConfigurationPlatforms) = postSolution
		{77ACE34C-B1DD-43CB-9DD5-3F2B9F417BA9}.Debug|Any CPU.ActiveCfg = Debug|Any CPU
		{77ACE34C-B1DD-43CB-9DD5-3F2B9F417BA9}.Debug|Any CPU.Build.0 = Debug|Any CPU
		{77ACE34C-B1DD-43CB-9DD5-3F2B9F417BA9}.Release|Any CPU.ActiveCfg = Release|Any CPU
		{77ACE34C-B1DD-43CB-9DD5-3F2B9F417BA9}.Release|Any CPU.Build.0 = Release|Any CPU
		{AE7D6FCB-2301-4C76-A2AE-E68385665B6F}.Debug|Any CPU.ActiveCfg = Debug|Any CPU
		{AE7D6FCB-2301-4C76-A2AE-E68385665B6F}.Debug|Any CPU.Build.0 = Debug|Any CPU
		{AE7D6FCB-2301-4C76-A2AE-E68385665B6F}.Release|Any CPU.ActiveCfg = Release|Any CPU
		{AE7D6FCB-2301-4C76-A2AE-E68385665B6F}.Release|Any CPU.Build.0 = Release|Any CPU
	EndGlobalSection
EndGlobal
